// !$*UTF8*$!
{
	archiveVersion = 1;
	classes = {
	};
	objectVersion = 56;
	objects = {

/* Begin PBXBuildFile section */
		40C43B4A2E398282008CF840 /* ProviderViewModel.swift in Sources */ = {isa = PBXBuildFile; fileRef = 40C43B492E398282008CF840 /* ProviderViewModel.swift */; };
		40C43B4C2E39831B008CF840 /* NetworkService.swift in Sources */ = {isa = PBXBuildFile; fileRef = 40C43B4B2E39831B008CF840 /* NetworkService.swift */; };
		40C43B4E2E398327008CF840 /* AuthManager.swift in Sources */ = {isa = PBXBuildFile; fileRef = 40C43B4D2E398327008CF840 /* AuthManager.swift */; };
		40C43B502E3998D9008CF840 /* RegistrationViewModel.swift in Sources */ = {isa = PBXBuildFile; fileRef = 40C43B4F2E3998D9008CF840 /* RegistrationViewModel.swift */; };
		40C43B542E39A38F008CF840 /* UserModel.swift in Sources */ = {isa = PBXBuildFile; fileRef = 40C43B512E39A38F008CF840 /* UserModel.swift */; };
		40C43B552E39A38F008CF840 /* CityModel.swift in Sources */ = {isa = PBXBuildFile; fileRef = 40C43B522E39A38F008CF840 /* CityModel.swift */; };
		40C43B582E39A3E2008CF840 /* StateModel.swift in Sources */ = {isa = PBXBuildFile; fileRef = 40C43B572E39A3E2008CF840 /* StateModel.swift */; };
		4C22DB152E32E2F6009ACC6A /* ResolveAiApp.swift in Sources */ = {isa = PBXBuildFile; fileRef = 4C22DB142E32E2F6009ACC6A /* ResolveAiApp.swift */; };
		4C22DB172E32E2F6009ACC6A /* ContentView.swift in Sources */ = {isa = PBXBuildFile; fileRef = 4C22DB162E32E2F6009ACC6A /* ContentView.swift */; };
		4C22DB192E32E2F7009ACC6A /* Assets.xcassets in Resources */ = {isa = PBXBuildFile; fileRef = 4C22DB182E32E2F7009ACC6A /* Assets.xcassets */; };
		4C22DB1C2E32E2F7009ACC6A /* Preview Assets.xcassets in Resources */ = {isa = PBXBuildFile; fileRef = 4C22DB1B2E32E2F7009ACC6A /* Preview Assets.xcassets */; };
		4C22DB292E32E764009ACC6A /* HomePageView.swift in Sources */ = {isa = PBXBuildFile; fileRef = 4C22DB282E32E764009ACC6A /* HomePageView.swift */; };
		4C22DB2B2E32E774009ACC6A /* SearchPageView.swift in Sources */ = {isa = PBXBuildFile; fileRef = 4C22DB2A2E32E774009ACC6A /* SearchPageView.swift */; };
		4C22DB2D2E32E784009ACC6A /* ProfilePageView.swift in Sources */ = {isa = PBXBuildFile; fileRef = 4C22DB2C2E32E784009ACC6A /* ProfilePageView.swift */; };
		4C22DB2F2E32F408009ACC6A /* MapSearchView.swift in Sources */ = {isa = PBXBuildFile; fileRef = 4C22DB2E2E32F408009ACC6A /* MapSearchView.swift */; };
		4C22DB312E330C85009ACC6A /* Models.swift in Sources */ = {isa = PBXBuildFile; fileRef = 4C22DB302E330C85009ACC6A /* Models.swift */; };
		4C22DB332E330CAC009ACC6A /* ViewModel.swift in Sources */ = {isa = PBXBuildFile; fileRef = 4C22DB322E330CAC009ACC6A /* ViewModel.swift */; };
		4C89DBBD2E344710007477AE /* SheetMapa.swift in Sources */ = {isa = PBXBuildFile; fileRef = 4C89DBBC2E344710007477AE /* SheetMapa.swift */; };
		4CB709E62E382BFD0008ADF5 /* TabViewContratante.swift in Sources */ = {isa = PBXBuildFile; fileRef = 4CB709E52E382BFD0008ADF5 /* TabViewContratante.swift */; };
		4CB709E82E382C850008ADF5 /* InitialView.swift in Sources */ = {isa = PBXBuildFile; fileRef = 4CB709E72E382C850008ADF5 /* InitialView.swift */; };
		4CB709EA2E382CD00008ADF5 /* TabViewPrestador.swift in Sources */ = {isa = PBXBuildFile; fileRef = 4CB709E92E382CD00008ADF5 /* TabViewPrestador.swift */; };
		4CB709ED2E3831840008ADF5 /* HomePagePrestador.swift in Sources */ = {isa = PBXBuildFile; fileRef = 4CB709EC2E3831840008ADF5 /* HomePagePrestador.swift */; };
		4CB709EF2E3832B00008ADF5 /* ProfilePagePrestador.swift in Sources */ = {isa = PBXBuildFile; fileRef = 4CB709EE2E3832B00008ADF5 /* ProfilePagePrestador.swift */; };
		4CB709F72E38484C0008ADF5 /* CadastroPrestador.swift in Sources */ = {isa = PBXBuildFile; fileRef = 4CB709F62E38484C0008ADF5 /* CadastroPrestador.swift */; };
		4CB709F92E3848910008ADF5 /* SinglePrestador.swift in Sources */ = {isa = PBXBuildFile; fileRef = 4CB709F82E3848910008ADF5 /* SinglePrestador.swift */; };
		4CB709FB2E3848B20008ADF5 /* ContratoView.swift in Sources */ = {isa = PBXBuildFile; fileRef = 4CB709FA2E3848B20008ADF5 /* ContratoView.swift */; };
		4CB709FD2E384B250008ADF5 /* SucessView.swift in Sources */ = {isa = PBXBuildFile; fileRef = 4CB709FC2E384B250008ADF5 /* SucessView.swift */; };
/* End PBXBuildFile section */

/* Begin PBXFileReference section */
		40C43B492E398282008CF840 /* ProviderViewModel.swift */ = {isa = PBXFileReference; fileEncoding = 4; lastKnownFileType = sourcecode.swift; path = ProviderViewModel.swift; sourceTree = "<group>"; };
		40C43B4B2E39831B008CF840 /* NetworkService.swift */ = {isa = PBXFileReference; fileEncoding = 4; lastKnownFileType = sourcecode.swift; path = NetworkService.swift; sourceTree = "<group>"; };
		40C43B4D2E398327008CF840 /* AuthManager.swift */ = {isa = PBXFileReference; fileEncoding = 4; lastKnownFileType = sourcecode.swift; path = AuthManager.swift; sourceTree = "<group>"; };
		40C43B4F2E3998D9008CF840 /* RegistrationViewModel.swift */ = {isa = PBXFileReference; lastKnownFileType = sourcecode.swift; path = RegistrationViewModel.swift; sourceTree = "<group>"; };
		40C43B512E39A38F008CF840 /* UserModel.swift */ = {isa = PBXFileReference; fileEncoding = 4; lastKnownFileType = sourcecode.swift; path = UserModel.swift; sourceTree = "<group>"; };
		40C43B522E39A38F008CF840 /* CityModel.swift */ = {isa = PBXFileReference; fileEncoding = 4; lastKnownFileType = sourcecode.swift; path = CityModel.swift; sourceTree = "<group>"; };
		40C43B572E39A3E2008CF840 /* StateModel.swift */ = {isa = PBXFileReference; fileEncoding = 4; lastKnownFileType = sourcecode.swift; path = StateModel.swift; sourceTree = "<group>"; };
		4C22DB112E32E2F6009ACC6A /* ResolveAi.app */ = {isa = PBXFileReference; explicitFileType = wrapper.application; includeInIndex = 0; path = ResolveAi.app; sourceTree = BUILT_PRODUCTS_DIR; };
		4C22DB142E32E2F6009ACC6A /* ResolveAiApp.swift */ = {isa = PBXFileReference; lastKnownFileType = sourcecode.swift; path = ResolveAiApp.swift; sourceTree = "<group>"; };
		4C22DB162E32E2F6009ACC6A /* ContentView.swift */ = {isa = PBXFileReference; lastKnownFileType = sourcecode.swift; path = ContentView.swift; sourceTree = "<group>"; };
		4C22DB182E32E2F7009ACC6A /* Assets.xcassets */ = {isa = PBXFileReference; lastKnownFileType = folder.assetcatalog; path = Assets.xcassets; sourceTree = "<group>"; };
		4C22DB1B2E32E2F7009ACC6A /* Preview Assets.xcassets */ = {isa = PBXFileReference; lastKnownFileType = folder.assetcatalog; path = "Preview Assets.xcassets"; sourceTree = "<group>"; };
		4C22DB282E32E764009ACC6A /* HomePageView.swift */ = {isa = PBXFileReference; lastKnownFileType = sourcecode.swift; path = HomePageView.swift; sourceTree = "<group>"; };
		4C22DB2A2E32E774009ACC6A /* SearchPageView.swift */ = {isa = PBXFileReference; lastKnownFileType = sourcecode.swift; path = SearchPageView.swift; sourceTree = "<group>"; };
		4C22DB2C2E32E784009ACC6A /* ProfilePageView.swift */ = {isa = PBXFileReference; lastKnownFileType = sourcecode.swift; path = ProfilePageView.swift; sourceTree = "<group>"; };
		4C22DB2E2E32F408009ACC6A /* MapSearchView.swift */ = {isa = PBXFileReference; lastKnownFileType = sourcecode.swift; path = MapSearchView.swift; sourceTree = "<group>"; };
		4C22DB302E330C85009ACC6A /* Models.swift */ = {isa = PBXFileReference; lastKnownFileType = sourcecode.swift; path = Models.swift; sourceTree = "<group>"; };
		4C22DB322E330CAC009ACC6A /* ViewModel.swift */ = {isa = PBXFileReference; lastKnownFileType = sourcecode.swift; path = ViewModel.swift; sourceTree = "<group>"; };
		4C89DBBC2E344710007477AE /* SheetMapa.swift */ = {isa = PBXFileReference; lastKnownFileType = sourcecode.swift; path = SheetMapa.swift; sourceTree = "<group>"; };
		4CB709E52E382BFD0008ADF5 /* TabViewContratante.swift */ = {isa = PBXFileReference; lastKnownFileType = sourcecode.swift; path = TabViewContratante.swift; sourceTree = "<group>"; };
		4CB709E72E382C850008ADF5 /* InitialView.swift */ = {isa = PBXFileReference; lastKnownFileType = sourcecode.swift; path = InitialView.swift; sourceTree = "<group>"; };
		4CB709E92E382CD00008ADF5 /* TabViewPrestador.swift */ = {isa = PBXFileReference; lastKnownFileType = sourcecode.swift; path = TabViewPrestador.swift; sourceTree = "<group>"; };
		4CB709EC2E3831840008ADF5 /* HomePagePrestador.swift */ = {isa = PBXFileReference; lastKnownFileType = sourcecode.swift; path = HomePagePrestador.swift; sourceTree = "<group>"; };
		4CB709EE2E3832B00008ADF5 /* ProfilePagePrestador.swift */ = {isa = PBXFileReference; lastKnownFileType = sourcecode.swift; path = ProfilePagePrestador.swift; sourceTree = "<group>"; };
		4CB709F62E38484C0008ADF5 /* CadastroPrestador.swift */ = {isa = PBXFileReference; lastKnownFileType = sourcecode.swift; path = CadastroPrestador.swift; sourceTree = "<group>"; };
		4CB709F82E3848910008ADF5 /* SinglePrestador.swift */ = {isa = PBXFileReference; lastKnownFileType = sourcecode.swift; path = SinglePrestador.swift; sourceTree = "<group>"; };
		4CB709FA2E3848B20008ADF5 /* ContratoView.swift */ = {isa = PBXFileReference; lastKnownFileType = sourcecode.swift; path = ContratoView.swift; sourceTree = "<group>"; };
		4CB709FC2E384B250008ADF5 /* SucessView.swift */ = {isa = PBXFileReference; lastKnownFileType = sourcecode.swift; path = SucessView.swift; sourceTree = "<group>"; };
/* End PBXFileReference section */

/* Begin PBXFrameworksBuildPhase section */
		4C22DB0E2E32E2F6009ACC6A /* Frameworks */ = {
			isa = PBXFrameworksBuildPhase;
			buildActionMask = 2147483647;
			files = (
			);
			runOnlyForDeploymentPostprocessing = 0;
		};
/* End PBXFrameworksBuildPhase section */

/* Begin PBXGroup section */
		4C22DB082E32E2F6009ACC6A = {
			isa = PBXGroup;
			children = (
				4C22DB132E32E2F6009ACC6A /* ResolveAi */,
				4C22DB122E32E2F6009ACC6A /* Products */,
			);
			sourceTree = "<group>";
		};
		4C22DB122E32E2F6009ACC6A /* Products */ = {
			isa = PBXGroup;
			children = (
				4C22DB112E32E2F6009ACC6A /* ResolveAi.app */,
			);
			name = Products;
			sourceTree = "<group>";
		};
		4C22DB132E32E2F6009ACC6A /* ResolveAi */ = {
			isa = PBXGroup;
			children = (
				4C22DB142E32E2F6009ACC6A /* ResolveAiApp.swift */,
				40C43B522E39A38F008CF840 /* CityModel.swift */,
				40C43B512E39A38F008CF840 /* UserModel.swift */,
				4C22DB162E32E2F6009ACC6A /* ContentView.swift */,
				4CB709F62E38484C0008ADF5 /* CadastroPrestador.swift */,
				4CB709F82E3848910008ADF5 /* SinglePrestador.swift */,
				4CB709FA2E3848B20008ADF5 /* ContratoView.swift */,
				4CB709FC2E384B250008ADF5 /* SucessView.swift */,
				4CB709E72E382C850008ADF5 /* InitialView.swift */,
				40C43B572E39A3E2008CF840 /* StateModel.swift */,
				4CB709E52E382BFD0008ADF5 /* TabViewContratante.swift */,
				4CB709E92E382CD00008ADF5 /* TabViewPrestador.swift */,
				4CB709EC2E3831840008ADF5 /* HomePagePrestador.swift */,
				40C43B4F2E3998D9008CF840 /* RegistrationViewModel.swift */,
				40C43B4B2E39831B008CF840 /* NetworkService.swift */,
				4CB709EE2E3832B00008ADF5 /* ProfilePagePrestador.swift */,
				4C22DB2C2E32E784009ACC6A /* ProfilePageView.swift */,
				4C22DB282E32E764009ACC6A /* HomePageView.swift */,
				4C22DB2A2E32E774009ACC6A /* SearchPageView.swift */,
				4C22DB2E2E32F408009ACC6A /* MapSearchView.swift */,
				4C89DBBC2E344710007477AE /* SheetMapa.swift */,
				4C22DB302E330C85009ACC6A /* Models.swift */,
				40C43B492E398282008CF840 /* ProviderViewModel.swift */,
				40C43B4D2E398327008CF840 /* AuthManager.swift */,
				4C22DB322E330CAC009ACC6A /* ViewModel.swift */,
				4C22DB182E32E2F7009ACC6A /* Assets.xcassets */,
				4C22DB1A2E32E2F7009ACC6A /* Preview Content */,
			);
			path = ResolveAi;
			sourceTree = "<group>";
		};
		4C22DB1A2E32E2F7009ACC6A /* Preview Content */ = {
			isa = PBXGroup;
			children = (
				4C22DB1B2E32E2F7009ACC6A /* Preview Assets.xcassets */,
			);
			path = "Preview Content";
			sourceTree = "<group>";
		};
/* End PBXGroup section */

/* Begin PBXNativeTarget section */
		4C22DB102E32E2F6009ACC6A /* ResolveAi */ = {
			isa = PBXNativeTarget;
			buildConfigurationList = 4C22DB1F2E32E2F7009ACC6A /* Build configuration list for PBXNativeTarget "ResolveAi" */;
			buildPhases = (
				4C22DB0D2E32E2F6009ACC6A /* Sources */,
				4C22DB0E2E32E2F6009ACC6A /* Frameworks */,
				4C22DB0F2E32E2F6009ACC6A /* Resources */,
			);
			buildRules = (
			);
			dependencies = (
			);
			name = ResolveAi;
			productName = ResolveAi;
			productReference = 4C22DB112E32E2F6009ACC6A /* ResolveAi.app */;
			productType = "com.apple.product-type.application";
		};
/* End PBXNativeTarget section */

/* Begin PBXProject section */
		4C22DB092E32E2F6009ACC6A /* Project object */ = {
			isa = PBXProject;
			attributes = {
				BuildIndependentTargetsInParallel = 1;
				LastSwiftUpdateCheck = 1540;
				LastUpgradeCheck = 1540;
				TargetAttributes = {
					4C22DB102E32E2F6009ACC6A = {
						CreatedOnToolsVersion = 15.4;
					};
				};
			};
			buildConfigurationList = 4C22DB0C2E32E2F6009ACC6A /* Build configuration list for PBXProject "ResolveAi" */;
			compatibilityVersion = "Xcode 14.0";
			developmentRegion = en;
			hasScannedForEncodings = 0;
			knownRegions = (
				en,
				Base,
			);
			mainGroup = 4C22DB082E32E2F6009ACC6A;
			productRefGroup = 4C22DB122E32E2F6009ACC6A /* Products */;
			projectDirPath = "";
			projectRoot = "";
			targets = (
				4C22DB102E32E2F6009ACC6A /* ResolveAi */,
			);
		};
/* End PBXProject section */

/* Begin PBXResourcesBuildPhase section */
		4C22DB0F2E32E2F6009ACC6A /* Resources */ = {
			isa = PBXResourcesBuildPhase;
			buildActionMask = 2147483647;
			files = (
				4C22DB1C2E32E2F7009ACC6A /* Preview Assets.xcassets in Resources */,
				4C22DB192E32E2F7009ACC6A /* Assets.xcassets in Resources */,
			);
			runOnlyForDeploymentPostprocessing = 0;
		};
/* End PBXResourcesBuildPhase section */

/* Begin PBXSourcesBuildPhase section */
		4C22DB0D2E32E2F6009ACC6A /* Sources */ = {
			isa = PBXSourcesBuildPhase;
			buildActionMask = 2147483647;
			files = (
				4CB709E82E382C850008ADF5 /* InitialView.swift in Sources */,
				40C43B502E3998D9008CF840 /* RegistrationViewModel.swift in Sources */,
				40C43B4E2E398327008CF840 /* AuthManager.swift in Sources */,
				4CB709F72E38484C0008ADF5 /* CadastroPrestador.swift in Sources */,
				40C43B4C2E39831B008CF840 /* NetworkService.swift in Sources */,
				4CB709EF2E3832B00008ADF5 /* ProfilePagePrestador.swift in Sources */,
				4CB709E62E382BFD0008ADF5 /* TabViewContratante.swift in Sources */,
				4C22DB172E32E2F6009ACC6A /* ContentView.swift in Sources */,
				40C43B542E39A38F008CF840 /* UserModel.swift in Sources */,
				4CB709FB2E3848B20008ADF5 /* ContratoView.swift in Sources */,
				40C43B4A2E398282008CF840 /* ProviderViewModel.swift in Sources */,
				4C89DBBD2E344710007477AE /* SheetMapa.swift in Sources */,
				4C22DB2D2E32E784009ACC6A /* ProfilePageView.swift in Sources */,
				4C22DB2B2E32E774009ACC6A /* SearchPageView.swift in Sources */,
				40C43B582E39A3E2008CF840 /* StateModel.swift in Sources */,
				4C22DB292E32E764009ACC6A /* HomePageView.swift in Sources */,
				4CB709F92E3848910008ADF5 /* SinglePrestador.swift in Sources */,
				4CB709EA2E382CD00008ADF5 /* TabViewPrestador.swift in Sources */,
				4C22DB152E32E2F6009ACC6A /* ResolveAiApp.swift in Sources */,
				4CB709FD2E384B250008ADF5 /* SucessView.swift in Sources */,
				4CB709ED2E3831840008ADF5 /* HomePagePrestador.swift in Sources */,
				40C43B552E39A38F008CF840 /* CityModel.swift in Sources */,
				4C22DB2F2E32F408009ACC6A /* MapSearchView.swift in Sources */,
				4C22DB332E330CAC009ACC6A /* ViewModel.swift in Sources */,
				4C22DB312E330C85009ACC6A /* Models.swift in Sources */,
			);
			runOnlyForDeploymentPostprocessing = 0;
		};
/* End PBXSourcesBuildPhase section */

/* Begin XCBuildConfiguration section */
		4C22DB1D2E32E2F7009ACC6A /* Debug */ = {
			isa = XCBuildConfiguration;
			buildSettings = {
				ALWAYS_SEARCH_USER_PATHS = NO;
				ASSETCATALOG_COMPILER_GENERATE_SWIFT_ASSET_SYMBOL_EXTENSIONS = YES;
				CLANG_ANALYZER_NONNULL = YES;
				CLANG_ANALYZER_NUMBER_OBJECT_CONVERSION = YES_AGGRESSIVE;
				CLANG_CXX_LANGUAGE_STANDARD = "gnu++20";
				CLANG_ENABLE_MODULES = YES;
				CLANG_ENABLE_OBJC_ARC = YES;
				CLANG_ENABLE_OBJC_WEAK = YES;
				CLANG_WARN_BLOCK_CAPTURE_AUTORELEASING = YES;
				CLANG_WARN_BOOL_CONVERSION = YES;
				CLANG_WARN_COMMA = YES;
				CLANG_WARN_CONSTANT_CONVERSION = YES;
				CLANG_WARN_DEPRECATED_OBJC_IMPLEMENTATIONS = YES;
				CLANG_WARN_DIRECT_OBJC_ISA_USAGE = YES_ERROR;
				CLANG_WARN_DOCUMENTATION_COMMENTS = YES;
				CLANG_WARN_EMPTY_BODY = YES;
				CLANG_WARN_ENUM_CONVERSION = YES;
				CLANG_WARN_INFINITE_RECURSION = YES;
				CLANG_WARN_INT_CONVERSION = YES;
				CLANG_WARN_NON_LITERAL_NULL_CONVERSION = YES;
				CLANG_WARN_OBJC_IMPLICIT_RETAIN_SELF = YES;
				CLANG_WARN_OBJC_LITERAL_CONVERSION = YES;
				CLANG_WARN_OBJC_ROOT_CLASS = YES_ERROR;
				CLANG_WARN_QUOTED_INCLUDE_IN_FRAMEWORK_HEADER = YES;
				CLANG_WARN_RANGE_LOOP_ANALYSIS = YES;
				CLANG_WARN_STRICT_PROTOTYPES = YES;
				CLANG_WARN_SUSPICIOUS_MOVE = YES;
				CLANG_WARN_UNGUARDED_AVAILABILITY = YES_AGGRESSIVE;
				CLANG_WARN_UNREACHABLE_CODE = YES;
				CLANG_WARN__DUPLICATE_METHOD_MATCH = YES;
				COPY_PHASE_STRIP = NO;
				DEBUG_INFORMATION_FORMAT = dwarf;
				ENABLE_STRICT_OBJC_MSGSEND = YES;
				ENABLE_TESTABILITY = YES;
				ENABLE_USER_SCRIPT_SANDBOXING = YES;
				GCC_C_LANGUAGE_STANDARD = gnu17;
				GCC_DYNAMIC_NO_PIC = NO;
				GCC_NO_COMMON_BLOCKS = YES;
				GCC_OPTIMIZATION_LEVEL = 0;
				GCC_PREPROCESSOR_DEFINITIONS = (
					"DEBUG=1",
					"$(inherited)",
				);
				GCC_WARN_64_TO_32_BIT_CONVERSION = YES;
				GCC_WARN_ABOUT_RETURN_TYPE = YES_ERROR;
				GCC_WARN_UNDECLARED_SELECTOR = YES;
				GCC_WARN_UNINITIALIZED_AUTOS = YES_AGGRESSIVE;
				GCC_WARN_UNUSED_FUNCTION = YES;
				GCC_WARN_UNUSED_VARIABLE = YES;
				IPHONEOS_DEPLOYMENT_TARGET = 17.5;
				LOCALIZATION_PREFERS_STRING_CATALOGS = YES;
				MTL_ENABLE_DEBUG_INFO = INCLUDE_SOURCE;
				MTL_FAST_MATH = YES;
				ONLY_ACTIVE_ARCH = YES;
				SDKROOT = iphoneos;
				SWIFT_ACTIVE_COMPILATION_CONDITIONS = "DEBUG $(inherited)";
				SWIFT_OPTIMIZATION_LEVEL = "-Onone";
			};
			name = Debug;
		};
		4C22DB1E2E32E2F7009ACC6A /* Release */ = {
			isa = XCBuildConfiguration;
			buildSettings = {
				ALWAYS_SEARCH_USER_PATHS = NO;
				ASSETCATALOG_COMPILER_GENERATE_SWIFT_ASSET_SYMBOL_EXTENSIONS = YES;
				CLANG_ANALYZER_NONNULL = YES;
				CLANG_ANALYZER_NUMBER_OBJECT_CONVERSION = YES_AGGRESSIVE;
				CLANG_CXX_LANGUAGE_STANDARD = "gnu++20";
				CLANG_ENABLE_MODULES = YES;
				CLANG_ENABLE_OBJC_ARC = YES;
				CLANG_ENABLE_OBJC_WEAK = YES;
				CLANG_WARN_BLOCK_CAPTURE_AUTORELEASING = YES;
				CLANG_WARN_BOOL_CONVERSION = YES;
				CLANG_WARN_COMMA = YES;
				CLANG_WARN_CONSTANT_CONVERSION = YES;
				CLANG_WARN_DEPRECATED_OBJC_IMPLEMENTATIONS = YES;
				CLANG_WARN_DIRECT_OBJC_ISA_USAGE = YES_ERROR;
				CLANG_WARN_DOCUMENTATION_COMMENTS = YES;
				CLANG_WARN_EMPTY_BODY = YES;
				CLANG_WARN_ENUM_CONVERSION = YES;
				CLANG_WARN_INFINITE_RECURSION = YES;
				CLANG_WARN_INT_CONVERSION = YES;
				CLANG_WARN_NON_LITERAL_NULL_CONVERSION = YES;
				CLANG_WARN_OBJC_IMPLICIT_RETAIN_SELF = YES;
				CLANG_WARN_OBJC_LITERAL_CONVERSION = YES;
				CLANG_WARN_OBJC_ROOT_CLASS = YES_ERROR;
				CLANG_WARN_QUOTED_INCLUDE_IN_FRAMEWORK_HEADER = YES;
				CLANG_WARN_RANGE_LOOP_ANALYSIS = YES;
				CLANG_WARN_STRICT_PROTOTYPES = YES;
				CLANG_WARN_SUSPICIOUS_MOVE = YES;
				CLANG_WARN_UNGUARDED_AVAILABILITY = YES_AGGRESSIVE;
				CLANG_WARN_UNREACHABLE_CODE = YES;
				CLANG_WARN__DUPLICATE_METHOD_MATCH = YES;
				COPY_PHASE_STRIP = NO;
				DEBUG_INFORMATION_FORMAT = "dwarf-with-dsym";
				ENABLE_NS_ASSERTIONS = NO;
				ENABLE_STRICT_OBJC_MSGSEND = YES;
				ENABLE_USER_SCRIPT_SANDBOXING = YES;
				GCC_C_LANGUAGE_STANDARD = gnu17;
				GCC_NO_COMMON_BLOCKS = YES;
				GCC_WARN_64_TO_32_BIT_CONVERSION = YES;
				GCC_WARN_ABOUT_RETURN_TYPE = YES_ERROR;
				GCC_WARN_UNDECLARED_SELECTOR = YES;
				GCC_WARN_UNINITIALIZED_AUTOS = YES_AGGRESSIVE;
				GCC_WARN_UNUSED_FUNCTION = YES;
				GCC_WARN_UNUSED_VARIABLE = YES;
				IPHONEOS_DEPLOYMENT_TARGET = 17.5;
				LOCALIZATION_PREFERS_STRING_CATALOGS = YES;
				MTL_ENABLE_DEBUG_INFO = NO;
				MTL_FAST_MATH = YES;
				SDKROOT = iphoneos;
				SWIFT_COMPILATION_MODE = wholemodule;
				VALIDATE_PRODUCT = YES;
			};
			name = Release;
		};
		4C22DB202E32E2F7009ACC6A /* Debug */ = {
			isa = XCBuildConfiguration;
			buildSettings = {
				ASSETCATALOG_COMPILER_APPICON_NAME = AppIcon;
				ASSETCATALOG_COMPILER_GLOBAL_ACCENT_COLOR_NAME = AccentColor;
				CODE_SIGN_STYLE = Automatic;
				CURRENT_PROJECT_VERSION = 1;
				DEVELOPMENT_ASSET_PATHS = "\"ResolveAi/Preview Content\"";
				DEVELOPMENT_TEAM = GKGJ3SQK65;
				ENABLE_PREVIEWS = YES;
				GENERATE_INFOPLIST_FILE = YES;
				INFOPLIST_KEY_UIApplicationSceneManifest_Generation = YES;
				INFOPLIST_KEY_UIApplicationSupportsIndirectInputEvents = YES;
				INFOPLIST_KEY_UILaunchScreen_Generation = YES;
				INFOPLIST_KEY_UISupportedInterfaceOrientations_iPad = "UIInterfaceOrientationPortrait UIInterfaceOrientationPortraitUpsideDown UIInterfaceOrientationLandscapeLeft UIInterfaceOrientationLandscapeRight";
				INFOPLIST_KEY_UISupportedInterfaceOrientations_iPhone = "UIInterfaceOrientationPortrait UIInterfaceOrientationLandscapeLeft UIInterfaceOrientationLandscapeRight";
				LD_RUNPATH_SEARCH_PATHS = (
					"$(inherited)",
					"@executable_path/Frameworks",
				);
				MARKETING_VERSION = 1.0;
				PRODUCT_BUNDLE_IDENTIFIER = murilofarina.ResolveAi;
				PRODUCT_NAME = "$(TARGET_NAME)";
				SWIFT_EMIT_LOC_STRINGS = YES;
				SWIFT_VERSION = 5.0;
				TARGETED_DEVICE_FAMILY = "1,2";
			};
			name = Debug;
		};
		4C22DB212E32E2F7009ACC6A /* Release */ = {
			isa = XCBuildConfiguration;
			buildSettings = {
				ASSETCATALOG_COMPILER_APPICON_NAME = AppIcon;
				ASSETCATALOG_COMPILER_GLOBAL_ACCENT_COLOR_NAME = AccentColor;
				CODE_SIGN_STYLE = Automatic;
				CURRENT_PROJECT_VERSION = 1;
				DEVELOPMENT_ASSET_PATHS = "\"ResolveAi/Preview Content\"";
				DEVELOPMENT_TEAM = GKGJ3SQK65;
				ENABLE_PREVIEWS = YES;
				GENERATE_INFOPLIST_FILE = YES;
				INFOPLIST_KEY_UIApplicationSceneManifest_Generation = YES;
				INFOPLIST_KEY_UIApplicationSupportsIndirectInputEvents = YES;
				INFOPLIST_KEY_UILaunchScreen_Generation = YES;
				INFOPLIST_KEY_UISupportedInterfaceOrientations_iPad = "UIInterfaceOrientationPortrait UIInterfaceOrientationPortraitUpsideDown UIInterfaceOrientationLandscapeLeft UIInterfaceOrientationLandscapeRight";
				INFOPLIST_KEY_UISupportedInterfaceOrientations_iPhone = "UIInterfaceOrientationPortrait UIInterfaceOrientationLandscapeLeft UIInterfaceOrientationLandscapeRight";
				LD_RUNPATH_SEARCH_PATHS = (
					"$(inherited)",
					"@executable_path/Frameworks",
				);
				MARKETING_VERSION = 1.0;
				PRODUCT_BUNDLE_IDENTIFIER = murilofarina.ResolveAi;
				PRODUCT_NAME = "$(TARGET_NAME)";
				SWIFT_EMIT_LOC_STRINGS = YES;
				SWIFT_VERSION = 5.0;
				TARGETED_DEVICE_FAMILY = "1,2";
			};
			name = Release;
		};
/* End XCBuildConfiguration section */

/* Begin XCConfigurationList section */
		4C22DB0C2E32E2F6009ACC6A /* Build configuration list for PBXProject "ResolveAi" */ = {
			isa = XCConfigurationList;
			buildConfigurations = (
				4C22DB1D2E32E2F7009ACC6A /* Debug */,
				4C22DB1E2E32E2F7009ACC6A /* Release */,
			);
			defaultConfigurationIsVisible = 0;
			defaultConfigurationName = Release;
		};
		4C22DB1F2E32E2F7009ACC6A /* Build configuration list for PBXNativeTarget "ResolveAi" */ = {
			isa = XCConfigurationList;
			buildConfigurations = (
				4C22DB202E32E2F7009ACC6A /* Debug */,
				4C22DB212E32E2F7009ACC6A /* Release */,
			);
			defaultConfigurationIsVisible = 0;
			defaultConfigurationName = Release;
		};
/* End XCConfigurationList section */
	};
	rootObject = 4C22DB092E32E2F6009ACC6A /* Project object */;
}
